{
    "_meta": {
        "hash": {
            "sha256": "7da447db55ec835a4a0a78e6239127ee5975cb01395082d274199a18b8d208e2"
        },
        "pipfile-spec": 6,
        "requires": {
            "python_version": "3.10"
        },
        "sources": [
            {
                "name": "pypi",
                "url": "https://pypi.org/simple",
                "verify_ssl": true
            }
        ]
    },
    "default": {
        "altgraph": {
            "hashes": [
                "sha256:743628f2ac6a7c26f5d9223c91ed8ecbba535f506f4b6f558885a8a56a105857",
                "sha256:ebf2269361b47d97b3b88e696439f6e4cbc607c17c51feb1754f90fb79839158"
            ],
            "version": "==0.17.2"
        },
        "future": {
            "hashes": [
                "sha256:b1bead90b70cf6ec3f0710ae53a525360fa360d306a86583adc6bf83a4db537d"
            ],
            "markers": "python_version >= '2.6' and python_version not in '3.0, 3.1, 3.2'",
            "version": "==0.18.2"
        },
        "pefile": {
            "hashes": [
                "sha256:a5488a3dd1fd021ce33f969780b88fe0f7eebb76eb20996d7318f307612a045b"
            ],
            "markers": "sys_platform == 'win32'",
            "version": "==2022.5.30"
        },
        "pyinstaller": {
            "hashes": [
                "sha256:066b83a0eae89ad418749e9e29429c152f1ff096230df11a093bbded8344ade0",
                "sha256:4c658a762cbbee5c5997c364578804d4c1e91d688de8ed018710c2705bf1474b",
                "sha256:7591a9e1e2a481f99eb99036d6786e20717bc10f8f0a8ef519958cb3172fac7a",
                "sha256:794e8e143ae73d1acdd2cbc52f02dd34cdfbd954ede34c7067ce68a268d8b7c2",
                "sha256:9efbad718fe29d425336f289871c67bfc6a1876013037fee2ef1f7613fd675a2",
                "sha256:a0e7a80fe04204add3f743101958a3cf62b79e7ccda838388784b1a35bb5b27f",
                "sha256:aa9d1b8639d2402438c179ae1c8acfd41b65366c803a5a6484a5bb7586e88647",
                "sha256:b38505b445cdd64279f04650e0ddfe5ac6cef61996b14f06e3c99da8aac3cfbe",
                "sha256:cae43e01e04f37185d23202aba8cf2837fa24ec3d0aa5ebc42e26f404e6eba95",
                "sha256:d4123992556951ed24e11cf2eec9a4e18e94ee8bd63ca49d9b7fc37387097eb9",
                "sha256:de71d4669806e4d54b23b477cc077e2e8fe9c4d57e79ed32d22b7585137fd7b7"
            ],
            "index": "pypi",
            "version": "==5.3"
        },
        "pyinstaller-hooks-contrib": {
            "hashes": [
                "sha256:c4210fc50282c9c6a918e485e0bfae9405592390508e3be9fde19acc2213da56",
                "sha256:e46f099934dd4577fb1ddcf37a99fa04027c92f8f5291c8802f326345988d001"
            ],
            "markers": "python_version >= '3.7'",
            "version": "==2022.8"
        },
        "pywin32-ctypes": {
            "hashes": [
                "sha256:24ffc3b341d457d48e8922352130cf2644024a4ff09762a2261fd34c36ee5942",
                "sha256:9dc2d991b3479cc2df15930958b674a48a227d5361d413827a4cfd0b5876fc98"
            ],
            "markers": "sys_platform == 'win32'",
            "version": "==0.2.0"
        },
        "setuptools": {
            "hashes": [
                "sha256:0d33c374d41c7863419fc8f6c10bfe25b7b498aa34164d135c622e52580c6b16",
                "sha256:c04b44a57a6265fe34a4a444e965884716d34bae963119a76353434d6f18e450"
            ],
            "markers": "python_version >= '3.7'",
            "version": "==63.2.0"
        }
    },
    "develop": {}
}
